
Microsoft Visual Studio Solution File, Format Version 12.00
# Visual Studio 14
VisualStudioVersion = 14.0.25123.0
MinimumVisualStudioVersion = 10.0.40219.1
Project("{FAE04EC0-301F-11D3-BF4B-00C04F79EFBC}") = "Holstone.Console", "Holstone.Console\Holstone.Console.csproj", "{F8A2235C-37AF-4FCC-8E9B-76583D482F0E}"
EndProject
Project("{FAE04EC0-301F-11D3-BF4B-00C04F79EFBC}") = "Holstone.ServerCore", "Holstone.ServerCore\Holstone.ServerCore.csproj", "{72E58F88-F9A7-489A-898A-EEF48302A188}"
EndProject
Project("{FAE04EC0-301F-11D3-BF4B-00C04F79EFBC}") = "Holstone.ServerCore.UnitTests", "Holstone.ServerCore.UnitTests\Holstone.ServerCore.UnitTests.csproj", "{B63F4294-6C87-4B42-BCFF-C39A8630C580}"
EndProject
Global
	GlobalSection(SolutionConfigurationPlatforms) = preSolution
		Debug|Any CPU = Debug|Any CPU
		Release|Any CPU = Release|Any CPU
	EndGlobalSection
	GlobalSection(ProjectConfigurationPlatforms) = postSolution
		{F8A2235C-37AF-4FCC-8E9B-76583D482F0E}.Debug|Any CPU.ActiveCfg = Debug|Any CPU
		{F8A2235C-37AF-4FCC-8E9B-76583D482F0E}.Debug|Any CPU.Build.0 = Debug|Any CPU
		{F8A2235C-37AF-4FCC-8E9B-76583D482F0E}.Release|Any CPU.ActiveCfg = Release|Any CPU
		{F8A2235C-37AF-4FCC-8E9B-76583D482F0E}.Release|Any CPU.Build.0 = Release|Any CPU
		{72E58F88-F9A7-489A-898A-EEF48302A188}.Debug|Any CPU.ActiveCfg = Debug|Any CPU
		{72E58F88-F9A7-489A-898A-EEF48302A188}.Debug|Any CPU.Build.0 = Debug|Any CPU
		{72E58F88-F9A7-489A-898A-EEF48302A188}.Release|Any CPU.ActiveCfg = Release|Any CPU
		{72E58F88-F9A7-489A-898A-EEF48302A188}.Release|Any CPU.Build.0 = Release|Any CPU
		{B63F4294-6C87-4B42-BCFF-C39A8630C580}.Debug|Any CPU.ActiveCfg = Debug|Any CPU
		{B63F4294-6C87-4B42-BCFF-C39A8630C580}.Debug|Any CPU.Build.0 = Debug|Any CPU
		{B63F4294-6C87-4B42-BCFF-C39A8630C580}.Release|Any CPU.ActiveCfg = Release|Any CPU
		{B63F4294-6C87-4B42-BCFF-C39A8630C580}.Release|Any CPU.Build.0 = Release|Any CPU
	EndGlobalSection
	GlobalSection(SolutionProperties) = preSolution
		HideSolutionNode = FALSE
	EndGlobalSection
EndGlobal
